
Microsoft Visual Studio Solution File, Format Version 12.00
# Visual Studio Version 18
VisualStudioVersion = 18.9.12120.119 stable
MinimumVisualStudioVersion = 17.8.0.0
Project("{9A19103F-16F7-4668-BE54-9A1E7A4F7556}") = "WebApp.AppHost", "src\WebApp.AppHost\WebApp.AppHost.csproj", "{640A981B-B2E8-448F-88F7-98A8EDCA3273}"
EndProject
Project("{9A19103F-16F7-4668-BE54-9A1E7A4F7556}") = "WebApp.ServiceDefaults", "src\WebApp.ServiceDefaults\WebApp.ServiceDefaults.csproj", "{AFA407FA-9398-40E0-8FBD-CACA269ECCBF}"
EndProject
Project("{9A19103F-16F7-4668-BE54-9A1E7A4F7556}") = "WebApp.ApiService", "src\WebApp.ApiService\WebApp.ApiService.csproj", "{CBA16C65-0FA2-4A97-A759-6950A6CA72CE}"
EndProject
Project("{9A19103F-16F7-4668-BE54-9A1E7A4F7556}") = "WebApp.Tests", "tests\WebApp.Tests\WebApp.Tests.csproj", "{2F3113D4-E3E2-4857-A58B-2B14158B50E3}"
EndProject
Project("{9A19103F-16F7-4668-BE54-9A1E7A4F7556}") = "WebApp.Web", "src\WebApp.Web\WebApp.Web.csproj", "{995363E7-4AC5-4D33-A168-B4C029252BDA}"
EndProject
Project("{2150E333-8FDC-42A3-9474-1A3956D46DE8}") = "src", "src", "{90750E4D-9558-4B52-B3BE-7C69000FDCDB}"
EndProject
Project("{FAE04EC0-301F-11D3-BF4B-00C04F79EFBC}") = "Booking.Domain", "src\Booking.Domain\Booking.Domain.csproj", "{7DC7AF2E-96D0-455F-846A-56AC7D1FFFFA}"
EndProject
Project("{FAE04EC0-301F-11D3-BF4B-00C04F79EFBC}") = "Booking.Infrastructure", "src\Booking.Infrastructure\Booking.Infrastructure.csproj", "{A5EBCE7D-3167-483D-8454-7AD65C9AC177}"
EndProject
Global
	GlobalSection(SolutionConfigurationPlatforms) = preSolution
		Debug|Any CPU = Debug|Any CPU
		Release|Any CPU = Release|Any CPU
	EndGlobalSection
	GlobalSection(ProjectConfigurationPlatforms) = postSolution
		{640A981B-B2E8-448F-88F7-98A8EDCA3273}.Debug|Any CPU.ActiveCfg = Debug|Any CPU
		{640A981B-B2E8-448F-88F7-98A8EDCA3273}.Debug|Any CPU.Build.0 = Debug|Any CPU
		{640A981B-B2E8-448F-88F7-98A8EDCA3273}.Release|Any CPU.ActiveCfg = Release|Any CPU
		{640A981B-B2E8-448F-88F7-98A8EDCA3273}.Release|Any CPU.Build.0 = Release|Any CPU
		{AFA407FA-9398-40E0-8FBD-CACA269ECCBF}.Debug|Any CPU.ActiveCfg = Debug|Any CPU
		{AFA407FA-9398-40E0-8FBD-CACA269ECCBF}.Debug|Any CPU.Build.0 = Debug|Any CPU
		{AFA407FA-9398-40E0-8FBD-CACA269ECCBF}.Release|Any CPU.ActiveCfg = Release|Any CPU
		{AFA407FA-9398-40E0-8FBD-CACA269ECCBF}.Release|Any CPU.Build.0 = Release|Any CPU
		{CBA16C65-0FA2-4A97-A759-6950A6CA72CE}.Debug|Any CPU.ActiveCfg = Debug|Any CPU
		{CBA16C65-0FA2-4A97-A759-6950A6CA72CE}.Debug|Any CPU.Build.0 = Debug|Any CPU
		{CBA16C65-0FA2-4A97-A759-6950A6CA72CE}.Release|Any CPU.ActiveCfg = Release|Any CPU
		{CBA16C65-0FA2-4A97-A759-6950A6CA72CE}.Release|Any CPU.Build.0 = Release|Any CPU
		{2F3113D4-E3E2-4857-A58B-2B14158B50E3}.Debug|Any CPU.ActiveCfg = Debug|Any CPU
		{2F3113D4-E3E2-4857-A58B-2B14158B50E3}.Debug|Any CPU.Build.0 = Debug|Any CPU
		{2F3113D4-E3E2-4857-A58B-2B14158B50E3}.Release|Any CPU.ActiveCfg = Release|Any CPU
		{2F3113D4-E3E2-4857-A58B-2B14158B50E3}.Release|Any CPU.Build.0 = Release|Any CPU
		{995363E7-4AC5-4D33-A168-B4C029252BDA}.Debug|Any CPU.ActiveCfg = Debug|Any CPU
		{995363E7-4AC5-4D33-A168-B4C029252BDA}.Debug|Any CPU.Build.0 = Debug|Any CPU
		{995363E7-4AC5-4D33-A168-B4C029252BDA}.Release|Any CPU.ActiveCfg = Release|Any CPU
		{995363E7-4AC5-4D33-A168-B4C029252BDA}.Release|Any CPU.Build.0 = Release|Any CPU
		{7DC7AF2E-96D0-455F-846A-56AC7D1FFFFA}.Debug|Any CPU.ActiveCfg = Debug|Any CPU
		{7DC7AF2E-96D0-455F-846A-56AC7D1FFFFA}.Debug|Any CPU.Build.0 = Debug|Any CPU
		{7DC7AF2E-96D0-455F-846A-56AC7D1FFFFA}.Release|Any CPU.ActiveCfg = Release|Any CPU
		{7DC7AF2E-96D0-455F-846A-56AC7D1FFFFA}.Release|Any CPU.Build.0 = Release|Any CPU
		{A5EBCE7D-3167-483D-8454-7AD65C9AC177}.Debug|Any CPU.ActiveCfg = Debug|Any CPU
		{A5EBCE7D-3167-483D-8454-7AD65C9AC177}.Debug|Any CPU.Build.0 = Debug|Any CPU
		{A5EBCE7D-3167-483D-8454-7AD65C9AC177}.Release|Any CPU.ActiveCfg = Release|Any CPU
		{A5EBCE7D-3167-483D-8454-7AD65C9AC177}.Release|Any CPU.Build.0 = Release|Any CPU
	EndGlobalSection
	GlobalSection(SolutionProperties) = preSolution
		HideSolutionNode = FALSE
	EndGlobalSection
	GlobalSection(ExtensibilityGlobals) = postSolution
		SolutionGuid = {9A2E4B58-0BB1-4C67-A5C4-FAF8E7A09E2C}
	EndGlobalSection
EndGlobal
